
Microsoft Visual Studio Solution File, Format Version 12.00
# Visual Studio Version 17
VisualStudioVersion = 17.14.36327.8 d17.14
MinimumVisualStudioVersion = 10.0.40219.1
Project("{FAE04EC0-301F-11D3-BF4B-00C04F79EFBC}") = "assignment3", "assignment3\assignment3.csproj", "{8B280483-C822-4A81-806B-C515BAA95984}"
EndProject
Project("{FAE04EC0-301F-11D3-BF4B-00C04F79EFBC}") = "health", "health\health.csproj", "{7CAA58CD-F459-43FD-B2B4-AA88C54B1AAE}"
EndProject
Project("{FAE04EC0-301F-11D3-BF4B-00C04F79EFBC}") = "warehouse", "warehouse\warehouse.csproj", "{23FBFCF6-22D1-4E33-B285-D92395C95650}"
EndProject
Project("{FAE04EC0-301F-11D3-BF4B-00C04F79EFBC}") = "grading", "grading\grading.csproj", "{96C42122-0ACF-4281-891E-5B9BE22E5806}"
EndProject
Project("{FAE04EC0-301F-11D3-BF4B-00C04F79EFBC}") = "inventory records", "inventory records\inventory records.csproj", "{4115B70D-A9E9-41A6-95AD-95386DD4B59D}"
EndProject
Global
	GlobalSection(SolutionConfigurationPlatforms) = preSolution
		Debug|Any CPU = Debug|Any CPU
		Release|Any CPU = Release|Any CPU
	EndGlobalSection
	GlobalSection(ProjectConfigurationPlatforms) = postSolution
		{8B280483-C822-4A81-806B-C515BAA95984}.Debug|Any CPU.ActiveCfg = Debug|Any CPU
		{8B280483-C822-4A81-806B-C515BAA95984}.Debug|Any CPU.Build.0 = Debug|Any CPU
		{8B280483-C822-4A81-806B-C515BAA95984}.Release|Any CPU.ActiveCfg = Release|Any CPU
		{8B280483-C822-4A81-806B-C515BAA95984}.Release|Any CPU.Build.0 = Release|Any CPU
		{7CAA58CD-F459-43FD-B2B4-AA88C54B1AAE}.Debug|Any CPU.ActiveCfg = Debug|Any CPU
		{7CAA58CD-F459-43FD-B2B4-AA88C54B1AAE}.Debug|Any CPU.Build.0 = Debug|Any CPU
		{7CAA58CD-F459-43FD-B2B4-AA88C54B1AAE}.Release|Any CPU.ActiveCfg = Release|Any CPU
		{7CAA58CD-F459-43FD-B2B4-AA88C54B1AAE}.Release|Any CPU.Build.0 = Release|Any CPU
		{23FBFCF6-22D1-4E33-B285-D92395C95650}.Debug|Any CPU.ActiveCfg = Debug|Any CPU
		{23FBFCF6-22D1-4E33-B285-D92395C95650}.Debug|Any CPU.Build.0 = Debug|Any CPU
		{23FBFCF6-22D1-4E33-B285-D92395C95650}.Release|Any CPU.ActiveCfg = Release|Any CPU
		{23FBFCF6-22D1-4E33-B285-D92395C95650}.Release|Any CPU.Build.0 = Release|Any CPU
		{96C42122-0ACF-4281-891E-5B9BE22E5806}.Debug|Any CPU.ActiveCfg = Debug|Any CPU
		{96C42122-0ACF-4281-891E-5B9BE22E5806}.Debug|Any CPU.Build.0 = Debug|Any CPU
		{96C42122-0ACF-4281-891E-5B9BE22E5806}.Release|Any CPU.ActiveCfg = Release|Any CPU
		{96C42122-0ACF-4281-891E-5B9BE22E5806}.Release|Any CPU.Build.0 = Release|Any CPU
		{4115B70D-A9E9-41A6-95AD-95386DD4B59D}.Debug|Any CPU.ActiveCfg = Debug|Any CPU
		{4115B70D-A9E9-41A6-95AD-95386DD4B59D}.Debug|Any CPU.Build.0 = Debug|Any CPU
		{4115B70D-A9E9-41A6-95AD-95386DD4B59D}.Release|Any CPU.ActiveCfg = Release|Any CPU
		{4115B70D-A9E9-41A6-95AD-95386DD4B59D}.Release|Any CPU.Build.0 = Release|Any CPU
	EndGlobalSection
	GlobalSection(SolutionProperties) = preSolution
		HideSolutionNode = FALSE
	EndGlobalSection
	GlobalSection(ExtensibilityGlobals) = postSolution
		SolutionGuid = {9CBB2040-DB32-441F-9069-7FC7BF412AF7}
	EndGlobalSection
EndGlobal
